// !$*UTF8*$!
{
	archiveVersion = 1;
	classes = {
	};
	objectVersion = 56;
	objects = {

/* Begin PBXBuildFile section */
		032BD1C02C972104000A0E9B /* LoginViewModel.swift in Sources */ = {isa = PBXBuildFile; fileRef = 032BD1BF2C972104000A0E9B /* LoginViewModel.swift */; };
		032BD1C52C97295D000A0E9B /* LoginModel.swift in Sources */ = {isa = PBXBuildFile; fileRef = 032BD1C42C97295D000A0E9B /* LoginModel.swift */; };
		032BD1C72C972A91000A0E9B /* RecoverPasswordViewModel.swift in Sources */ = {isa = PBXBuildFile; fileRef = 032BD1C62C972A91000A0E9B /* RecoverPasswordViewModel.swift */; };
		034C3CE12C7415B400E9EDA5 /* Product.swift in Sources */ = {isa = PBXBuildFile; fileRef = 034C3CE02C7415B400E9EDA5 /* Product.swift */; };
		034C3CE32C7415EA00E9EDA5 /* ProductTableViewCell.swift in Sources */ = {isa = PBXBuildFile; fileRef = 034C3CE22C7415EA00E9EDA5 /* ProductTableViewCell.swift */; };
		039BBD9F2C8DEDDB00B74E27 /* RecoverPasswordViewController.swift in Sources */ = {isa = PBXBuildFile; fileRef = 039BBD9E2C8DEDDB00B74E27 /* RecoverPasswordViewController.swift */; };
		039BBDA12C8DF14F00B74E27 /* RecoverPasswordScreen.swift in Sources */ = {isa = PBXBuildFile; fileRef = 039BBDA02C8DF14F00B74E27 /* RecoverPasswordScreen.swift */; };
		4DC36FF9B8592F46A8526743 /* Pods_JaChegou.framework in Frameworks */ = {isa = PBXBuildFile; fileRef = 3857A1A11737408CE4583553 /* Pods_JaChegou.framework */; };
		FA050B5A2C6B02FE000BB48A /* HeaderView.swift in Sources */ = {isa = PBXBuildFile; fileRef = FA050B592C6B02FE000BB48A /* HeaderView.swift */; };
		FA050B5E2C6C35F4000BB48A /* SearchView.swift in Sources */ = {isa = PBXBuildFile; fileRef = FA050B5D2C6C35F4000BB48A /* SearchView.swift */; };
		FA050B6B2C712274000BB48A /* TrackingDetailsView.swift in Sources */ = {isa = PBXBuildFile; fileRef = FA050B6A2C712274000BB48A /* TrackingDetailsView.swift */; };
		FA050B712C72D32C000BB48A /* Track.swift in Sources */ = {isa = PBXBuildFile; fileRef = FA050B702C72D32C000BB48A /* Track.swift */; };
		FA050B792C7413F9000BB48A /* TrackCollectionViewCell.swift in Sources */ = {isa = PBXBuildFile; fileRef = FA050B782C7413F8000BB48A /* TrackCollectionViewCell.swift */; };
		FA050B7B2C741E8F000BB48A /* ListViewModel.swift in Sources */ = {isa = PBXBuildFile; fileRef = FA050B7A2C741E8F000BB48A /* ListViewModel.swift */; };
		FA63F20B2C6814E00098967A /* CreateAccountViewController.swift in Sources */ = {isa = PBXBuildFile; fileRef = FA63F20A2C6814E00098967A /* CreateAccountViewController.swift */; };
		FA63F20E2C6815730098967A /* CreateAccountScreen.swift in Sources */ = {isa = PBXBuildFile; fileRef = FA63F20D2C6815730098967A /* CreateAccountScreen.swift */; };
		FA63F2122C6991E60098967A /* MainTabBarControllerViewController.swift in Sources */ = {isa = PBXBuildFile; fileRef = FA63F2112C6991E60098967A /* MainTabBarControllerViewController.swift */; };
		FA63F2192C6994AD0098967A /* HomeViewController.swift in Sources */ = {isa = PBXBuildFile; fileRef = FA63F2182C6994AD0098967A /* HomeViewController.swift */; };
		FA63F21B2C6995780098967A /* HomeControllerScreen.swift in Sources */ = {isa = PBXBuildFile; fileRef = FA63F21A2C6995780098967A /* HomeControllerScreen.swift */; };
		FA63F21E2C69965D0098967A /* TrackingViewController.swift in Sources */ = {isa = PBXBuildFile; fileRef = FA63F21D2C69965D0098967A /* TrackingViewController.swift */; };
		FA63F2202C6996BD0098967A /* TrackingScreen.swift in Sources */ = {isa = PBXBuildFile; fileRef = FA63F21F2C6996BD0098967A /* TrackingScreen.swift */; };
		FA63F2232C69979D0098967A /* ProfileControllerViewController.swift in Sources */ = {isa = PBXBuildFile; fileRef = FA63F2222C69979D0098967A /* ProfileControllerViewController.swift */; };
		FA63F2252C6997AF0098967A /* ProfileScreen.swift in Sources */ = {isa = PBXBuildFile; fileRef = FA63F2242C6997AF0098967A /* ProfileScreen.swift */; };
		FA63F2282C6998180098967A /* NotificationControllerViewController.swift in Sources */ = {isa = PBXBuildFile; fileRef = FA63F2272C6998180098967A /* NotificationControllerViewController.swift */; };
		FA63F22A2C69982F0098967A /* NotificationScreen.swift in Sources */ = {isa = PBXBuildFile; fileRef = FA63F2292C69982F0098967A /* NotificationScreen.swift */; };
		FAC7A6D72C5FC2C9001D90BE /* AppDelegate.swift in Sources */ = {isa = PBXBuildFile; fileRef = FAC7A6D62C5FC2C9001D90BE /* AppDelegate.swift */; };
		FAC7A6D92C5FC2C9001D90BE /* SceneDelegate.swift in Sources */ = {isa = PBXBuildFile; fileRef = FAC7A6D82C5FC2C9001D90BE /* SceneDelegate.swift */; };
		FAC7A6DB2C5FC2C9001D90BE /* LoginViewController.swift in Sources */ = {isa = PBXBuildFile; fileRef = FAC7A6DA2C5FC2C9001D90BE /* LoginViewController.swift */; };
		FAC7A6E02C5FC2CB001D90BE /* Assets.xcassets in Resources */ = {isa = PBXBuildFile; fileRef = FAC7A6DF2C5FC2CB001D90BE /* Assets.xcassets */; };
		FAC7A6E32C5FC2CB001D90BE /* Base in Resources */ = {isa = PBXBuildFile; fileRef = FAC7A6E22C5FC2CB001D90BE /* Base */; };
		FAC7A6ED2C600CE3001D90BE /* LoginScreen.swift in Sources */ = {isa = PBXBuildFile; fileRef = FAC7A6EC2C600CE3001D90BE /* LoginScreen.swift */; };
		FAE831722C87E698000D6FC0 /* UIColor+Extension.swift in Sources */ = {isa = PBXBuildFile; fileRef = FAE831712C87E698000D6FC0 /* UIColor+Extension.swift */; };
		FAE831742C87EFFD000D6FC0 /* UITextField+Extension.swift in Sources */ = {isa = PBXBuildFile; fileRef = FAE831732C87EFFD000D6FC0 /* UITextField+Extension.swift */; };
		FAE831772C87F612000D6FC0 /* SavedTrackingScreen.swift in Sources */ = {isa = PBXBuildFile; fileRef = FAE831762C87F612000D6FC0 /* SavedTrackingScreen.swift */; };
		FAE831792C87F7EE000D6FC0 /* SavedTrackingViewController.swift in Sources */ = {isa = PBXBuildFile; fileRef = FAE831782C87F7EE000D6FC0 /* SavedTrackingViewController.swift */; };
		FAE8317E2C891753000D6FC0 /* SavedTrackingTableViewCell.swift in Sources */ = {isa = PBXBuildFile; fileRef = FAE8317D2C891753000D6FC0 /* SavedTrackingTableViewCell.swift */; };
		FAE831802C891EE4000D6FC0 /* SavedTrackingViewModel.swift in Sources */ = {isa = PBXBuildFile; fileRef = FAE8317F2C891EE4000D6FC0 /* SavedTrackingViewModel.swift */; };
		FAE8319D2C8E46E4000D6FC0 /* EmptyTrackingCollectionViewCell.swift in Sources */ = {isa = PBXBuildFile; fileRef = FAE8319C2C8E46E4000D6FC0 /* EmptyTrackingCollectionViewCell.swift */; };
		FAE831A02C911EB1000D6FC0 /* ServiceMock.swift in Sources */ = {isa = PBXBuildFile; fileRef = FAE8319F2C911EB1000D6FC0 /* ServiceMock.swift */; };
/* End PBXBuildFile section */

/* Begin PBXFileReference section */
		032BD1BF2C972104000A0E9B /* LoginViewModel.swift */ = {isa = PBXFileReference; lastKnownFileType = sourcecode.swift; path = LoginViewModel.swift; sourceTree = "<group>"; };
		032BD1C42C97295D000A0E9B /* LoginModel.swift */ = {isa = PBXFileReference; lastKnownFileType = sourcecode.swift; path = LoginModel.swift; sourceTree = "<group>"; };
		032BD1C62C972A91000A0E9B /* RecoverPasswordViewModel.swift */ = {isa = PBXFileReference; lastKnownFileType = sourcecode.swift; path = RecoverPasswordViewModel.swift; sourceTree = "<group>"; };
		034C3CE02C7415B400E9EDA5 /* Product.swift */ = {isa = PBXFileReference; lastKnownFileType = sourcecode.swift; path = Product.swift; sourceTree = "<group>"; };
		034C3CE22C7415EA00E9EDA5 /* ProductTableViewCell.swift */ = {isa = PBXFileReference; lastKnownFileType = sourcecode.swift; path = ProductTableViewCell.swift; sourceTree = "<group>"; };
		039BBD9E2C8DEDDB00B74E27 /* RecoverPasswordViewController.swift */ = {isa = PBXFileReference; lastKnownFileType = sourcecode.swift; path = RecoverPasswordViewController.swift; sourceTree = "<group>"; };
		039BBDA02C8DF14F00B74E27 /* RecoverPasswordScreen.swift */ = {isa = PBXFileReference; lastKnownFileType = sourcecode.swift; path = RecoverPasswordScreen.swift; sourceTree = "<group>"; };
		3857A1A11737408CE4583553 /* Pods_JaChegou.framework */ = {isa = PBXFileReference; explicitFileType = wrapper.framework; includeInIndex = 0; path = Pods_JaChegou.framework; sourceTree = BUILT_PRODUCTS_DIR; };
		752170E0C8F51BC9D93738F6 /* Pods-JaChegou.debug.xcconfig */ = {isa = PBXFileReference; includeInIndex = 1; lastKnownFileType = text.xcconfig; name = "Pods-JaChegou.debug.xcconfig"; path = "Target Support Files/Pods-JaChegou/Pods-JaChegou.debug.xcconfig"; sourceTree = "<group>"; };
		83574C897EBF37BB48AF874D /* Pods-JaChegou.release.xcconfig */ = {isa = PBXFileReference; includeInIndex = 1; lastKnownFileType = text.xcconfig; name = "Pods-JaChegou.release.xcconfig"; path = "Target Support Files/Pods-JaChegou/Pods-JaChegou.release.xcconfig"; sourceTree = "<group>"; };
		FA050B592C6B02FE000BB48A /* HeaderView.swift */ = {isa = PBXFileReference; lastKnownFileType = sourcecode.swift; path = HeaderView.swift; sourceTree = "<group>"; };
		FA050B5D2C6C35F4000BB48A /* SearchView.swift */ = {isa = PBXFileReference; lastKnownFileType = sourcecode.swift; path = SearchView.swift; sourceTree = "<group>"; };
		FA050B6A2C712274000BB48A /* TrackingDetailsView.swift */ = {isa = PBXFileReference; lastKnownFileType = sourcecode.swift; path = TrackingDetailsView.swift; sourceTree = "<group>"; };
		FA050B702C72D32C000BB48A /* Track.swift */ = {isa = PBXFileReference; lastKnownFileType = sourcecode.swift; path = Track.swift; sourceTree = "<group>"; };
		FA050B782C7413F8000BB48A /* TrackCollectionViewCell.swift */ = {isa = PBXFileReference; lastKnownFileType = sourcecode.swift; path = TrackCollectionViewCell.swift; sourceTree = "<group>"; };
		FA050B7A2C741E8F000BB48A /* ListViewModel.swift */ = {isa = PBXFileReference; lastKnownFileType = sourcecode.swift; path = ListViewModel.swift; sourceTree = "<group>"; };
		FA63F20A2C6814E00098967A /* CreateAccountViewController.swift */ = {isa = PBXFileReference; lastKnownFileType = sourcecode.swift; path = CreateAccountViewController.swift; sourceTree = "<group>"; };
		FA63F20D2C6815730098967A /* CreateAccountScreen.swift */ = {isa = PBXFileReference; lastKnownFileType = sourcecode.swift; path = CreateAccountScreen.swift; sourceTree = "<group>"; };
		FA63F2112C6991E60098967A /* MainTabBarControllerViewController.swift */ = {isa = PBXFileReference; lastKnownFileType = sourcecode.swift; path = MainTabBarControllerViewController.swift; sourceTree = "<group>"; };
		FA63F2182C6994AD0098967A /* HomeViewController.swift */ = {isa = PBXFileReference; lastKnownFileType = sourcecode.swift; path = HomeViewController.swift; sourceTree = "<group>"; };
		FA63F21A2C6995780098967A /* HomeControllerScreen.swift */ = {isa = PBXFileReference; lastKnownFileType = sourcecode.swift; path = HomeControllerScreen.swift; sourceTree = "<group>"; };
		FA63F21D2C69965D0098967A /* TrackingViewController.swift */ = {isa = PBXFileReference; lastKnownFileType = sourcecode.swift; path = TrackingViewController.swift; sourceTree = "<group>"; };
		FA63F21F2C6996BD0098967A /* TrackingScreen.swift */ = {isa = PBXFileReference; lastKnownFileType = sourcecode.swift; path = TrackingScreen.swift; sourceTree = "<group>"; };
		FA63F2222C69979D0098967A /* ProfileControllerViewController.swift */ = {isa = PBXFileReference; lastKnownFileType = sourcecode.swift; path = ProfileControllerViewController.swift; sourceTree = "<group>"; };
		FA63F2242C6997AF0098967A /* ProfileScreen.swift */ = {isa = PBXFileReference; lastKnownFileType = sourcecode.swift; path = ProfileScreen.swift; sourceTree = "<group>"; };
		FA63F2272C6998180098967A /* NotificationControllerViewController.swift */ = {isa = PBXFileReference; lastKnownFileType = sourcecode.swift; path = NotificationControllerViewController.swift; sourceTree = "<group>"; };
		FA63F2292C69982F0098967A /* NotificationScreen.swift */ = {isa = PBXFileReference; lastKnownFileType = sourcecode.swift; path = NotificationScreen.swift; sourceTree = "<group>"; };
		FAC7A6D32C5FC2C9001D90BE /* JaChegou.app */ = {isa = PBXFileReference; explicitFileType = wrapper.application; includeInIndex = 0; path = JaChegou.app; sourceTree = BUILT_PRODUCTS_DIR; };
		FAC7A6D62C5FC2C9001D90BE /* AppDelegate.swift */ = {isa = PBXFileReference; lastKnownFileType = sourcecode.swift; path = AppDelegate.swift; sourceTree = "<group>"; };
		FAC7A6D82C5FC2C9001D90BE /* SceneDelegate.swift */ = {isa = PBXFileReference; lastKnownFileType = sourcecode.swift; path = SceneDelegate.swift; sourceTree = "<group>"; };
		FAC7A6DA2C5FC2C9001D90BE /* LoginViewController.swift */ = {isa = PBXFileReference; lastKnownFileType = sourcecode.swift; path = LoginViewController.swift; sourceTree = "<group>"; };
		FAC7A6DF2C5FC2CB001D90BE /* Assets.xcassets */ = {isa = PBXFileReference; lastKnownFileType = folder.assetcatalog; path = Assets.xcassets; sourceTree = "<group>"; };
		FAC7A6E22C5FC2CB001D90BE /* Base */ = {isa = PBXFileReference; lastKnownFileType = file.storyboard; name = Base; path = Base.lproj/LaunchScreen.storyboard; sourceTree = "<group>"; };
		FAC7A6E42C5FC2CB001D90BE /* Info.plist */ = {isa = PBXFileReference; lastKnownFileType = text.plist.xml; path = Info.plist; sourceTree = "<group>"; };
		FAC7A6EC2C600CE3001D90BE /* LoginScreen.swift */ = {isa = PBXFileReference; lastKnownFileType = sourcecode.swift; path = LoginScreen.swift; sourceTree = "<group>"; };
		FAE831712C87E698000D6FC0 /* UIColor+Extension.swift */ = {isa = PBXFileReference; lastKnownFileType = sourcecode.swift; path = "UIColor+Extension.swift"; sourceTree = "<group>"; };
		FAE831732C87EFFD000D6FC0 /* UITextField+Extension.swift */ = {isa = PBXFileReference; lastKnownFileType = sourcecode.swift; path = "UITextField+Extension.swift"; sourceTree = "<group>"; };
		FAE831762C87F612000D6FC0 /* SavedTrackingScreen.swift */ = {isa = PBXFileReference; lastKnownFileType = sourcecode.swift; path = SavedTrackingScreen.swift; sourceTree = "<group>"; };
		FAE831782C87F7EE000D6FC0 /* SavedTrackingViewController.swift */ = {isa = PBXFileReference; lastKnownFileType = sourcecode.swift; path = SavedTrackingViewController.swift; sourceTree = "<group>"; };
		FAE8317D2C891753000D6FC0 /* SavedTrackingTableViewCell.swift */ = {isa = PBXFileReference; lastKnownFileType = sourcecode.swift; path = SavedTrackingTableViewCell.swift; sourceTree = "<group>"; };
		FAE8317F2C891EE4000D6FC0 /* SavedTrackingViewModel.swift */ = {isa = PBXFileReference; lastKnownFileType = sourcecode.swift; path = SavedTrackingViewModel.swift; sourceTree = "<group>"; };
		FAE8319C2C8E46E4000D6FC0 /* EmptyTrackingCollectionViewCell.swift */ = {isa = PBXFileReference; lastKnownFileType = sourcecode.swift; path = EmptyTrackingCollectionViewCell.swift; sourceTree = "<group>"; };
		FAE8319F2C911EB1000D6FC0 /* ServiceMock.swift */ = {isa = PBXFileReference; lastKnownFileType = sourcecode.swift; path = ServiceMock.swift; sourceTree = "<group>"; };
/* End PBXFileReference section */

/* Begin PBXFrameworksBuildPhase section */
		FAC7A6D02C5FC2C9001D90BE /* Frameworks */ = {
			isa = PBXFrameworksBuildPhase;
			buildActionMask = 2147483647;
			files = (
				4DC36FF9B8592F46A8526743 /* Pods_JaChegou.framework in Frameworks */,
			);
			runOnlyForDeploymentPostprocessing = 0;
		};
/* End PBXFrameworksBuildPhase section */

/* Begin PBXGroup section */
		032BD1C12C97276B000A0E9B /* Model */ = {
			isa = PBXGroup;
			children = (
				032BD1C42C97295D000A0E9B /* LoginModel.swift */,
			);
			path = Model;
			sourceTree = "<group>";
		};
		034C3CDD2C74155F00E9EDA5 /* Modal */ = {
			isa = PBXGroup;
			children = (
				034C3CE02C7415B400E9EDA5 /* Product.swift */,
			);
			path = Modal;
			sourceTree = "<group>";
		};
		034C3CDE2C74157800E9EDA5 /* List */ = {
			isa = PBXGroup;
			children = (
				034C3CDF2C74158B00E9EDA5 /* Cell */,
				FA63F2262C6997EE0098967A /* Screen */,
			);
			path = List;
			sourceTree = "<group>";
		};
		034C3CDF2C74158B00E9EDA5 /* Cell */ = {
			isa = PBXGroup;
			children = (
				034C3CE22C7415EA00E9EDA5 /* ProductTableViewCell.swift */,
			);
			path = Cell;
			sourceTree = "<group>";
		};
		039BBD9D2C8DEDBC00B74E27 /* Reset */ = {
			isa = PBXGroup;
			children = (
				039BBDA02C8DF14F00B74E27 /* RecoverPasswordScreen.swift */,
				039BBD9E2C8DEDDB00B74E27 /* RecoverPasswordViewController.swift */,
				032BD1C62C972A91000A0E9B /* RecoverPasswordViewModel.swift */,
			);
			path = Reset;
			sourceTree = "<group>";
		};
		0F091FF760E10BB2F0E96410 /* Pods */ = {
			isa = PBXGroup;
			children = (
				752170E0C8F51BC9D93738F6 /* Pods-JaChegou.debug.xcconfig */,
				83574C897EBF37BB48AF874D /* Pods-JaChegou.release.xcconfig */,
			);
			path = Pods;
			sourceTree = "<group>";
		};
		63471BD4A34191E27F592C51 /* Frameworks */ = {
			isa = PBXGroup;
			children = (
				3857A1A11737408CE4583553 /* Pods_JaChegou.framework */,
			);
			name = Frameworks;
			sourceTree = "<group>";
		};
		FA050B582C6B02E6000BB48A /* CustomViews */ = {
			isa = PBXGroup;
			children = (
				FA050B592C6B02FE000BB48A /* HeaderView.swift */,
				FA050B5D2C6C35F4000BB48A /* SearchView.swift */,
				FA050B6A2C712274000BB48A /* TrackingDetailsView.swift */,
			);
			path = CustomViews;
			sourceTree = "<group>";
		};
		FA050B6F2C72D305000BB48A /* Model */ = {
			isa = PBXGroup;
			children = (
				FA050B702C72D32C000BB48A /* Track.swift */,
			);
			path = Model;
			sourceTree = "<group>";
		};
		FA050B772C74138B000BB48A /* CollectionViewCell */ = {
			isa = PBXGroup;
			children = (
				FA050B782C7413F8000BB48A /* TrackCollectionViewCell.swift */,
				FAE8319C2C8E46E4000D6FC0 /* EmptyTrackingCollectionViewCell.swift */,
			);
			path = CollectionViewCell;
			sourceTree = "<group>";
		};
		FA63F2092C6813040098967A /* CreateAccountController */ = {
			isa = PBXGroup;
			children = (
				FA63F20C2C6815400098967A /* Screen */,
				FA63F20A2C6814E00098967A /* CreateAccountViewController.swift */,
			);
			path = CreateAccountController;
			sourceTree = "<group>";
		};
		FA63F20C2C6815400098967A /* Screen */ = {
			isa = PBXGroup;
			children = (
				FA63F20D2C6815730098967A /* CreateAccountScreen.swift */,
			);
			path = Screen;
			sourceTree = "<group>";
		};
		FA63F20F2C69908A0098967A /* MainTabBarController */ = {
			isa = PBXGroup;
			children = (
				FA63F2112C6991E60098967A /* MainTabBarControllerViewController.swift */,
			);
			path = MainTabBarController;
			sourceTree = "<group>";
		};
		FA63F2132C6993610098967A /* HomeController */ = {
			isa = PBXGroup;
			children = (
				FA050B772C74138B000BB48A /* CollectionViewCell */,
				FA63F2172C6994350098967A /* Screen */,
				FA63F2182C6994AD0098967A /* HomeViewController.swift */,
				FA050B7A2C741E8F000BB48A /* ListViewModel.swift */,
			);
			path = HomeController;
			sourceTree = "<group>";
		};
		FA63F2142C69937F0098967A /* TrackingController */ = {
			isa = PBXGroup;
			children = (
				FAE8317A2C891413000D6FC0 /* SavedTracking */,
				FA63F21C2C6996340098967A /* Screen */,
				FA63F21D2C69965D0098967A /* TrackingViewController.swift */,
			);
			path = TrackingController;
			sourceTree = "<group>";
		};
		FA63F2152C6993C10098967A /* ProfileController */ = {
			isa = PBXGroup;
			children = (
				FA63F2212C69973D0098967A /* Screen */,
				FA63F2222C69979D0098967A /* ProfileControllerViewController.swift */,
			);
			path = ProfileController;
			sourceTree = "<group>";
		};
		FA63F2162C6994140098967A /* NotificationController */ = {
			isa = PBXGroup;
			children = (
				034C3CDD2C74155F00E9EDA5 /* Modal */,
				034C3CDE2C74157800E9EDA5 /* List */,
				FA63F2272C6998180098967A /* NotificationControllerViewController.swift */,
			);
			path = NotificationController;
			sourceTree = "<group>";
		};
		FA63F2172C6994350098967A /* Screen */ = {
			isa = PBXGroup;
			children = (
				FA63F21A2C6995780098967A /* HomeControllerScreen.swift */,
			);
			path = Screen;
			sourceTree = "<group>";
		};
		FA63F21C2C6996340098967A /* Screen */ = {
			isa = PBXGroup;
			children = (
				FA63F21F2C6996BD0098967A /* TrackingScreen.swift */,
			);
			path = Screen;
			sourceTree = "<group>";
		};
		FA63F2212C69973D0098967A /* Screen */ = {
			isa = PBXGroup;
			children = (
				FA63F2242C6997AF0098967A /* ProfileScreen.swift */,
			);
			path = Screen;
			sourceTree = "<group>";
		};
		FA63F2262C6997EE0098967A /* Screen */ = {
			isa = PBXGroup;
			children = (
				FA63F2292C69982F0098967A /* NotificationScreen.swift */,
			);
			path = Screen;
			sourceTree = "<group>";
		};
		FAC7A6CA2C5FC2C9001D90BE = {
			isa = PBXGroup;
			children = (
				FAC7A6D52C5FC2C9001D90BE /* JaChegou */,
				FAC7A6D42C5FC2C9001D90BE /* Products */,
				0F091FF760E10BB2F0E96410 /* Pods */,
				63471BD4A34191E27F592C51 /* Frameworks */,
			);
			sourceTree = "<group>";
		};
		FAC7A6D42C5FC2C9001D90BE /* Products */ = {
			isa = PBXGroup;
			children = (
				FAC7A6D32C5FC2C9001D90BE /* JaChegou.app */,
			);
			name = Products;
			sourceTree = "<group>";
		};
		FAC7A6D52C5FC2C9001D90BE /* JaChegou */ = {
			isa = PBXGroup;
			children = (
				FAE831A12C911EC4000D6FC0 /* Resource */,
				FAE8319E2C911E86000D6FC0 /* Service */,
				FAE831702C87E680000D6FC0 /* Utils */,
				FA050B6F2C72D305000BB48A /* Model */,
				FA050B582C6B02E6000BB48A /* CustomViews */,
				FA63F2162C6994140098967A /* NotificationController */,
				FA63F2152C6993C10098967A /* ProfileController */,
				FA63F2142C69937F0098967A /* TrackingController */,
				FA63F2132C6993610098967A /* HomeController */,
				FA63F20F2C69908A0098967A /* MainTabBarController */,
				FA63F2092C6813040098967A /* CreateAccountController */,
				FAC7A6EA2C5FC57B001D90BE /* LoginController */,
				FAC7A6D62C5FC2C9001D90BE /* AppDelegate.swift */,
				FAC7A6D82C5FC2C9001D90BE /* SceneDelegate.swift */,
				FAC7A6DF2C5FC2CB001D90BE /* Assets.xcassets */,
				FAC7A6E12C5FC2CB001D90BE /* LaunchScreen.storyboard */,
				FAC7A6E42C5FC2CB001D90BE /* Info.plist */,
			);
			path = JaChegou;
			sourceTree = "<group>";
		};
		FAC7A6EA2C5FC57B001D90BE /* LoginController */ = {
			isa = PBXGroup;
			children = (
				032BD1C12C97276B000A0E9B /* Model */,
				039BBD9D2C8DEDBC00B74E27 /* Reset */,
				FAC7A6EB2C600AA1001D90BE /* Screen */,
				FAC7A6DA2C5FC2C9001D90BE /* LoginViewController.swift */,
				032BD1BF2C972104000A0E9B /* LoginViewModel.swift */,
			);
			path = LoginController;
			sourceTree = "<group>";
		};
		FAC7A6EB2C600AA1001D90BE /* Screen */ = {
			isa = PBXGroup;
			children = (
				FAC7A6EC2C600CE3001D90BE /* LoginScreen.swift */,
			);
			path = Screen;
			sourceTree = "<group>";
		};
		FAE831702C87E680000D6FC0 /* Utils */ = {
			isa = PBXGroup;
			children = (
				FAE831712C87E698000D6FC0 /* UIColor+Extension.swift */,
				FAE831732C87EFFD000D6FC0 /* UITextField+Extension.swift */,
			);
			path = Utils;
			sourceTree = "<group>";
		};
		FAE8317A2C891413000D6FC0 /* SavedTracking */ = {
			isa = PBXGroup;
			children = (
				FAE8317C2C891729000D6FC0 /* Cell */,
				FAE8317B2C891470000D6FC0 /* Screen */,
				FAE831782C87F7EE000D6FC0 /* SavedTrackingViewController.swift */,
				FAE8317F2C891EE4000D6FC0 /* SavedTrackingViewModel.swift */,
			);
			path = SavedTracking;
			sourceTree = "<group>";
		};
		FAE8317B2C891470000D6FC0 /* Screen */ = {
			isa = PBXGroup;
			children = (
				FAE831762C87F612000D6FC0 /* SavedTrackingScreen.swift */,
			);
			path = Screen;
			sourceTree = "<group>";
		};
		FAE8317C2C891729000D6FC0 /* Cell */ = {
			isa = PBXGroup;
			children = (
				FAE8317D2C891753000D6FC0 /* SavedTrackingTableViewCell.swift */,
			);
			path = Cell;
			sourceTree = "<group>";
		};
		FAE8319E2C911E86000D6FC0 /* Service */ = {
			isa = PBXGroup;
			children = (
				FAE8319F2C911EB1000D6FC0 /* ServiceMock.swift */,
			);
			path = Service;
			sourceTree = "<group>";
		};
		FAE831A12C911EC4000D6FC0 /* Resource */ = {
			isa = PBXGroup;
			children = (
				FAE831A22C911ED0000D6FC0 /* Json */,
			);
			path = Resource;
			sourceTree = "<group>";
		};
		FAE831A22C911ED0000D6FC0 /* Json */ = {
			isa = PBXGroup;
			children = (
			);
			path = Json;
			sourceTree = "<group>";
		};
/* End PBXGroup section */

/* Begin PBXNativeTarget section */
		FAC7A6D22C5FC2C9001D90BE /* JaChegou */ = {
			isa = PBXNativeTarget;
			buildConfigurationList = FAC7A6E72C5FC2CB001D90BE /* Build configuration list for PBXNativeTarget "JaChegou" */;
			buildPhases = (
				590B6C26B7F57B61DD0E8269 /* [CP] Check Pods Manifest.lock */,
				FAC7A6CF2C5FC2C9001D90BE /* Sources */,
				FAC7A6D02C5FC2C9001D90BE /* Frameworks */,
				FAC7A6D12C5FC2C9001D90BE /* Resources */,
				06F908EA60618D51BDEDAA63 /* [CP] Embed Pods Frameworks */,
			);
			buildRules = (
			);
			dependencies = (
			);
			name = JaChegou;
			productName = JaChegou;
			productReference = FAC7A6D32C5FC2C9001D90BE /* JaChegou.app */;
			productType = "com.apple.product-type.application";
		};
/* End PBXNativeTarget section */

/* Begin PBXProject section */
		FAC7A6CB2C5FC2C9001D90BE /* Project object */ = {
			isa = PBXProject;
			attributes = {
				BuildIndependentTargetsInParallel = 1;
				LastSwiftUpdateCheck = 1540;
				LastUpgradeCheck = 1540;
				TargetAttributes = {
					FAC7A6D22C5FC2C9001D90BE = {
						CreatedOnToolsVersion = 15.4;
					};
				};
			};
			buildConfigurationList = FAC7A6CE2C5FC2C9001D90BE /* Build configuration list for PBXProject "JaChegou" */;
			compatibilityVersion = "Xcode 14.0";
			developmentRegion = en;
			hasScannedForEncodings = 0;
			knownRegions = (
				en,
				Base,
			);
			mainGroup = FAC7A6CA2C5FC2C9001D90BE;
			productRefGroup = FAC7A6D42C5FC2C9001D90BE /* Products */;
			projectDirPath = "";
			projectRoot = "";
			targets = (
				FAC7A6D22C5FC2C9001D90BE /* JaChegou */,
			);
		};
/* End PBXProject section */

/* Begin PBXResourcesBuildPhase section */
		FAC7A6D12C5FC2C9001D90BE /* Resources */ = {
			isa = PBXResourcesBuildPhase;
			buildActionMask = 2147483647;
			files = (
				FAC7A6E02C5FC2CB001D90BE /* Assets.xcassets in Resources */,
				FAC7A6E32C5FC2CB001D90BE /* Base in Resources */,
			);
			runOnlyForDeploymentPostprocessing = 0;
		};
/* End PBXResourcesBuildPhase section */

/* Begin PBXShellScriptBuildPhase section */
		06F908EA60618D51BDEDAA63 /* [CP] Embed Pods Frameworks */ = {
			isa = PBXShellScriptBuildPhase;
			buildActionMask = 2147483647;
			files = (
			);
			inputFileListPaths = (
				"${PODS_ROOT}/Target Support Files/Pods-JaChegou/Pods-JaChegou-frameworks-${CONFIGURATION}-input-files.xcfilelist",
			);
			name = "[CP] Embed Pods Frameworks";
			outputFileListPaths = (
				"${PODS_ROOT}/Target Support Files/Pods-JaChegou/Pods-JaChegou-frameworks-${CONFIGURATION}-output-files.xcfilelist",
			);
			runOnlyForDeploymentPostprocessing = 0;
			shellPath = /bin/sh;
			shellScript = "\"${PODS_ROOT}/Target Support Files/Pods-JaChegou/Pods-JaChegou-frameworks.sh\"\n";
			showEnvVarsInLog = 0;
		};
		590B6C26B7F57B61DD0E8269 /* [CP] Check Pods Manifest.lock */ = {
			isa = PBXShellScriptBuildPhase;
			buildActionMask = 2147483647;
			files = (
			);
			inputFileListPaths = (
			);
			inputPaths = (
				"${PODS_PODFILE_DIR_PATH}/Podfile.lock",
				"${PODS_ROOT}/Manifest.lock",
			);
			name = "[CP] Check Pods Manifest.lock";
			outputFileListPaths = (
			);
			outputPaths = (
				"$(DERIVED_FILE_DIR)/Pods-JaChegou-checkManifestLockResult.txt",
			);
			runOnlyForDeploymentPostprocessing = 0;
			shellPath = /bin/sh;
			shellScript = "diff \"${PODS_PODFILE_DIR_PATH}/Podfile.lock\" \"${PODS_ROOT}/Manifest.lock\" > /dev/null\nif [ $? != 0 ] ; then\n    # print error to STDERR\n    echo \"error: The sandbox is not in sync with the Podfile.lock. Run 'pod install' or update your CocoaPods installation.\" >&2\n    exit 1\nfi\n# This output is used by Xcode 'outputs' to avoid re-running this script phase.\necho \"SUCCESS\" > \"${SCRIPT_OUTPUT_FILE_0}\"\n";
			showEnvVarsInLog = 0;
		};
/* End PBXShellScriptBuildPhase section */

/* Begin PBXSourcesBuildPhase section */
		FAC7A6CF2C5FC2C9001D90BE /* Sources */ = {
			isa = PBXSourcesBuildPhase;
			buildActionMask = 2147483647;
			files = (
				FA63F20B2C6814E00098967A /* CreateAccountViewController.swift in Sources */,
				FAE831742C87EFFD000D6FC0 /* UITextField+Extension.swift in Sources */,
				FA63F20E2C6815730098967A /* CreateAccountScreen.swift in Sources */,
				FAE8319D2C8E46E4000D6FC0 /* EmptyTrackingCollectionViewCell.swift in Sources */,
				FA63F2202C6996BD0098967A /* TrackingScreen.swift in Sources */,
				034C3CE32C7415EA00E9EDA5 /* ProductTableViewCell.swift in Sources */,
				FAE831792C87F7EE000D6FC0 /* SavedTrackingViewController.swift in Sources */,
				FAC7A6DB2C5FC2C9001D90BE /* LoginViewController.swift in Sources */,
				FA63F2252C6997AF0098967A /* ProfileScreen.swift in Sources */,
				FAE8317E2C891753000D6FC0 /* SavedTrackingTableViewCell.swift in Sources */,
				FAE831722C87E698000D6FC0 /* UIColor+Extension.swift in Sources */,
				032BD1C72C972A91000A0E9B /* RecoverPasswordViewModel.swift in Sources */,
				FA63F2232C69979D0098967A /* ProfileControllerViewController.swift in Sources */,
				FA050B5E2C6C35F4000BB48A /* SearchView.swift in Sources */,
				FA63F21B2C6995780098967A /* HomeControllerScreen.swift in Sources */,
				FA050B792C7413F9000BB48A /* TrackCollectionViewCell.swift in Sources */,
				FA63F2122C6991E60098967A /* MainTabBarControllerViewController.swift in Sources */,
				FAC7A6ED2C600CE3001D90BE /* LoginScreen.swift in Sources */,
				FA63F2192C6994AD0098967A /* HomeViewController.swift in Sources */,
				FA050B7B2C741E8F000BB48A /* ListViewModel.swift in Sources */,
				039BBD9F2C8DEDDB00B74E27 /* RecoverPasswordViewController.swift in Sources */,
				FA050B712C72D32C000BB48A /* Track.swift in Sources */,
				032BD1C02C972104000A0E9B /* LoginViewModel.swift in Sources */,
				039BBDA12C8DF14F00B74E27 /* RecoverPasswordScreen.swift in Sources */,
				034C3CE12C7415B400E9EDA5 /* Product.swift in Sources */,
				FA63F21E2C69965D0098967A /* TrackingViewController.swift in Sources */,
				FA63F2282C6998180098967A /* NotificationControllerViewController.swift in Sources */,
				032BD1C52C97295D000A0E9B /* LoginModel.swift in Sources */,
				FAC7A6D72C5FC2C9001D90BE /* AppDelegate.swift in Sources */,
				FA050B6B2C712274000BB48A /* TrackingDetailsView.swift in Sources */,
				FA63F22A2C69982F0098967A /* NotificationScreen.swift in Sources */,
				FAE831A02C911EB1000D6FC0 /* ServiceMock.swift in Sources */,
				FAC7A6D92C5FC2C9001D90BE /* SceneDelegate.swift in Sources */,
				FAE831772C87F612000D6FC0 /* SavedTrackingScreen.swift in Sources */,
				FAE831802C891EE4000D6FC0 /* SavedTrackingViewModel.swift in Sources */,
				FA050B5A2C6B02FE000BB48A /* HeaderView.swift in Sources */,
			);
			runOnlyForDeploymentPostprocessing = 0;
		};
/* End PBXSourcesBuildPhase section */

/* Begin PBXVariantGroup section */
		FAC7A6E12C5FC2CB001D90BE /* LaunchScreen.storyboard */ = {
			isa = PBXVariantGroup;
			children = (
				FAC7A6E22C5FC2CB001D90BE /* Base */,
			);
			name = LaunchScreen.storyboard;
			sourceTree = "<group>";
		};
/* End PBXVariantGroup section */

/* Begin XCBuildConfiguration section */
		FAC7A6E52C5FC2CB001D90BE /* Debug */ = {
			isa = XCBuildConfiguration;
			buildSettings = {
				ALWAYS_SEARCH_USER_PATHS = NO;
				ASSETCATALOG_COMPILER_GENERATE_SWIFT_ASSET_SYMBOL_EXTENSIONS = YES;
				CLANG_ANALYZER_NONNULL = YES;
				CLANG_ANALYZER_NUMBER_OBJECT_CONVERSION = YES_AGGRESSIVE;
				CLANG_CXX_LANGUAGE_STANDARD = "gnu++20";
				CLANG_ENABLE_MODULES = YES;
				CLANG_ENABLE_OBJC_ARC = YES;
				CLANG_ENABLE_OBJC_WEAK = YES;
				CLANG_WARN_BLOCK_CAPTURE_AUTORELEASING = YES;
				CLANG_WARN_BOOL_CONVERSION = YES;
				CLANG_WARN_COMMA = YES;
				CLANG_WARN_CONSTANT_CONVERSION = YES;
				CLANG_WARN_DEPRECATED_OBJC_IMPLEMENTATIONS = YES;
				CLANG_WARN_DIRECT_OBJC_ISA_USAGE = YES_ERROR;
				CLANG_WARN_DOCUMENTATION_COMMENTS = YES;
				CLANG_WARN_EMPTY_BODY = YES;
				CLANG_WARN_ENUM_CONVERSION = YES;
				CLANG_WARN_INFINITE_RECURSION = YES;
				CLANG_WARN_INT_CONVERSION = YES;
				CLANG_WARN_NON_LITERAL_NULL_CONVERSION = YES;
				CLANG_WARN_OBJC_IMPLICIT_RETAIN_SELF = YES;
				CLANG_WARN_OBJC_LITERAL_CONVERSION = YES;
				CLANG_WARN_OBJC_ROOT_CLASS = YES_ERROR;
				CLANG_WARN_QUOTED_INCLUDE_IN_FRAMEWORK_HEADER = YES;
				CLANG_WARN_RANGE_LOOP_ANALYSIS = YES;
				CLANG_WARN_STRICT_PROTOTYPES = YES;
				CLANG_WARN_SUSPICIOUS_MOVE = YES;
				CLANG_WARN_UNGUARDED_AVAILABILITY = YES_AGGRESSIVE;
				CLANG_WARN_UNREACHABLE_CODE = YES;
				CLANG_WARN__DUPLICATE_METHOD_MATCH = YES;
				COPY_PHASE_STRIP = NO;
				DEBUG_INFORMATION_FORMAT = dwarf;
				ENABLE_STRICT_OBJC_MSGSEND = YES;
				ENABLE_TESTABILITY = YES;
				ENABLE_USER_SCRIPT_SANDBOXING = YES;
				GCC_C_LANGUAGE_STANDARD = gnu17;
				GCC_DYNAMIC_NO_PIC = NO;
				GCC_NO_COMMON_BLOCKS = YES;
				GCC_OPTIMIZATION_LEVEL = 0;
				GCC_PREPROCESSOR_DEFINITIONS = (
					"DEBUG=1",
					"$(inherited)",
				);
				GCC_WARN_64_TO_32_BIT_CONVERSION = YES;
				GCC_WARN_ABOUT_RETURN_TYPE = YES_ERROR;
				GCC_WARN_UNDECLARED_SELECTOR = YES;
				GCC_WARN_UNINITIALIZED_AUTOS = YES_AGGRESSIVE;
				GCC_WARN_UNUSED_FUNCTION = YES;
				GCC_WARN_UNUSED_VARIABLE = YES;
				IPHONEOS_DEPLOYMENT_TARGET = 17.5;
				LOCALIZATION_PREFERS_STRING_CATALOGS = YES;
				MTL_ENABLE_DEBUG_INFO = INCLUDE_SOURCE;
				MTL_FAST_MATH = YES;
				ONLY_ACTIVE_ARCH = YES;
				SDKROOT = iphoneos;
				SWIFT_ACTIVE_COMPILATION_CONDITIONS = "DEBUG $(inherited)";
				SWIFT_OPTIMIZATION_LEVEL = "-Onone";
			};
			name = Debug;
		};
		FAC7A6E62C5FC2CB001D90BE /* Release */ = {
			isa = XCBuildConfiguration;
			buildSettings = {
				ALWAYS_SEARCH_USER_PATHS = NO;
				ASSETCATALOG_COMPILER_GENERATE_SWIFT_ASSET_SYMBOL_EXTENSIONS = YES;
				CLANG_ANALYZER_NONNULL = YES;
				CLANG_ANALYZER_NUMBER_OBJECT_CONVERSION = YES_AGGRESSIVE;
				CLANG_CXX_LANGUAGE_STANDARD = "gnu++20";
				CLANG_ENABLE_MODULES = YES;
				CLANG_ENABLE_OBJC_ARC = YES;
				CLANG_ENABLE_OBJC_WEAK = YES;
				CLANG_WARN_BLOCK_CAPTURE_AUTORELEASING = YES;
				CLANG_WARN_BOOL_CONVERSION = YES;
				CLANG_WARN_COMMA = YES;
				CLANG_WARN_CONSTANT_CONVERSION = YES;
				CLANG_WARN_DEPRECATED_OBJC_IMPLEMENTATIONS = YES;
				CLANG_WARN_DIRECT_OBJC_ISA_USAGE = YES_ERROR;
				CLANG_WARN_DOCUMENTATION_COMMENTS = YES;
				CLANG_WARN_EMPTY_BODY = YES;
				CLANG_WARN_ENUM_CONVERSION = YES;
				CLANG_WARN_INFINITE_RECURSION = YES;
				CLANG_WARN_INT_CONVERSION = YES;
				CLANG_WARN_NON_LITERAL_NULL_CONVERSION = YES;
				CLANG_WARN_OBJC_IMPLICIT_RETAIN_SELF = YES;
				CLANG_WARN_OBJC_LITERAL_CONVERSION = YES;
				CLANG_WARN_OBJC_ROOT_CLASS = YES_ERROR;
				CLANG_WARN_QUOTED_INCLUDE_IN_FRAMEWORK_HEADER = YES;
				CLANG_WARN_RANGE_LOOP_ANALYSIS = YES;
				CLANG_WARN_STRICT_PROTOTYPES = YES;
				CLANG_WARN_SUSPICIOUS_MOVE = YES;
				CLANG_WARN_UNGUARDED_AVAILABILITY = YES_AGGRESSIVE;
				CLANG_WARN_UNREACHABLE_CODE = YES;
				CLANG_WARN__DUPLICATE_METHOD_MATCH = YES;
				COPY_PHASE_STRIP = NO;
				DEBUG_INFORMATION_FORMAT = "dwarf-with-dsym";
				ENABLE_NS_ASSERTIONS = NO;
				ENABLE_STRICT_OBJC_MSGSEND = YES;
				ENABLE_USER_SCRIPT_SANDBOXING = YES;
				GCC_C_LANGUAGE_STANDARD = gnu17;
				GCC_NO_COMMON_BLOCKS = YES;
				GCC_WARN_64_TO_32_BIT_CONVERSION = YES;
				GCC_WARN_ABOUT_RETURN_TYPE = YES_ERROR;
				GCC_WARN_UNDECLARED_SELECTOR = YES;
				GCC_WARN_UNINITIALIZED_AUTOS = YES_AGGRESSIVE;
				GCC_WARN_UNUSED_FUNCTION = YES;
				GCC_WARN_UNUSED_VARIABLE = YES;
				IPHONEOS_DEPLOYMENT_TARGET = 17.5;
				LOCALIZATION_PREFERS_STRING_CATALOGS = YES;
				MTL_ENABLE_DEBUG_INFO = NO;
				MTL_FAST_MATH = YES;
				SDKROOT = iphoneos;
				SWIFT_COMPILATION_MODE = wholemodule;
				VALIDATE_PRODUCT = YES;
			};
			name = Release;
		};
		FAC7A6E82C5FC2CB001D90BE /* Debug */ = {
			isa = XCBuildConfiguration;
			baseConfigurationReference = 752170E0C8F51BC9D93738F6 /* Pods-JaChegou.debug.xcconfig */;
			buildSettings = {
				ASSETCATALOG_COMPILER_APPICON_NAME = AppIcon;
				ASSETCATALOG_COMPILER_GLOBAL_ACCENT_COLOR_NAME = AccentColor;
				CODE_SIGN_STYLE = Automatic;
				CURRENT_PROJECT_VERSION = 1;
				ENABLE_USER_SCRIPT_SANDBOXING = NO;
				GENERATE_INFOPLIST_FILE = YES;
				INFOPLIST_FILE = JaChegou/Info.plist;
				INFOPLIST_KEY_UIApplicationSupportsIndirectInputEvents = YES;
				INFOPLIST_KEY_UILaunchStoryboardName = LaunchScreen;
				INFOPLIST_KEY_UIMainStoryboardFile = "";
				INFOPLIST_KEY_UISupportedInterfaceOrientations_iPad = "UIInterfaceOrientationPortrait UIInterfaceOrientationPortraitUpsideDown UIInterfaceOrientationLandscapeLeft UIInterfaceOrientationLandscapeRight";
				INFOPLIST_KEY_UISupportedInterfaceOrientations_iPhone = "UIInterfaceOrientationPortrait UIInterfaceOrientationLandscapeLeft UIInterfaceOrientationLandscapeRight";
				IPHONEOS_DEPLOYMENT_TARGET = 13.0;
				LD_RUNPATH_SEARCH_PATHS = (
					"$(inherited)",
					"@executable_path/Frameworks",
				);
				MARKETING_VERSION = 1.0;
				PRODUCT_BUNDLE_IDENTIFIER = bootcampIOS.JaChegou;
				PRODUCT_NAME = "$(TARGET_NAME)";
				SUPPORTED_PLATFORMS = "iphoneos iphonesimulator";
				SUPPORTS_MACCATALYST = NO;
				SUPPORTS_MAC_DESIGNED_FOR_IPHONE_IPAD = NO;
				SUPPORTS_XR_DESIGNED_FOR_IPHONE_IPAD = NO;
				SWIFT_EMIT_LOC_STRINGS = YES;
				SWIFT_VERSION = 5.0;
				TARGETED_DEVICE_FAMILY = "1,2";
			};
			name = Debug;
		};
		FAC7A6E92C5FC2CB001D90BE /* Release */ = {
			isa = XCBuildConfiguration;
			baseConfigurationReference = 83574C897EBF37BB48AF874D /* Pods-JaChegou.release.xcconfig */;
			buildSettings = {
				ASSETCATALOG_COMPILER_APPICON_NAME = AppIcon;
				ASSETCATALOG_COMPILER_GLOBAL_ACCENT_COLOR_NAME = AccentColor;
				CODE_SIGN_STYLE = Automatic;
				CURRENT_PROJECT_VERSION = 1;
				ENABLE_USER_SCRIPT_SANDBOXING = NO;
				GENERATE_INFOPLIST_FILE = YES;
				INFOPLIST_FILE = JaChegou/Info.plist;
				INFOPLIST_KEY_UIApplicationSupportsIndirectInputEvents = YES;
				INFOPLIST_KEY_UILaunchStoryboardName = LaunchScreen;
				INFOPLIST_KEY_UIMainStoryboardFile = "";
				INFOPLIST_KEY_UISupportedInterfaceOrientations_iPad = "UIInterfaceOrientationPortrait UIInterfaceOrientationPortraitUpsideDown UIInterfaceOrientationLandscapeLeft UIInterfaceOrientationLandscapeRight";
				INFOPLIST_KEY_UISupportedInterfaceOrientations_iPhone = "UIInterfaceOrientationPortrait UIInterfaceOrientationLandscapeLeft UIInterfaceOrientationLandscapeRight";
				IPHONEOS_DEPLOYMENT_TARGET = 13.0;
				LD_RUNPATH_SEARCH_PATHS = (
					"$(inherited)",
					"@executable_path/Frameworks",
				);
				MARKETING_VERSION = 1.0;
				PRODUCT_BUNDLE_IDENTIFIER = bootcampIOS.JaChegou;
				PRODUCT_NAME = "$(TARGET_NAME)";
				SUPPORTED_PLATFORMS = "iphoneos iphonesimulator";
				SUPPORTS_MACCATALYST = NO;
				SUPPORTS_MAC_DESIGNED_FOR_IPHONE_IPAD = NO;
				SUPPORTS_XR_DESIGNED_FOR_IPHONE_IPAD = NO;
				SWIFT_EMIT_LOC_STRINGS = YES;
				SWIFT_VERSION = 5.0;
				TARGETED_DEVICE_FAMILY = "1,2";
			};
			name = Release;
		};
/* End XCBuildConfiguration section */

/* Begin XCConfigurationList section */
		FAC7A6CE2C5FC2C9001D90BE /* Build configuration list for PBXProject "JaChegou" */ = {
			isa = XCConfigurationList;
			buildConfigurations = (
				FAC7A6E52C5FC2CB001D90BE /* Debug */,
				FAC7A6E62C5FC2CB001D90BE /* Release */,
			);
			defaultConfigurationIsVisible = 0;
			defaultConfigurationName = Release;
		};
		FAC7A6E72C5FC2CB001D90BE /* Build configuration list for PBXNativeTarget "JaChegou" */ = {
			isa = XCConfigurationList;
			buildConfigurations = (
				FAC7A6E82C5FC2CB001D90BE /* Debug */,
				FAC7A6E92C5FC2CB001D90BE /* Release */,
			);
			defaultConfigurationIsVisible = 0;
			defaultConfigurationName = Release;
		};
/* End XCConfigurationList section */
	};
	rootObject = FAC7A6CB2C5FC2C9001D90BE /* Project object */;
}
